
Microsoft Visual Studio Solution File, Format Version 12.00
# Visual Studio Version 18
VisualStudioVersion = 18.7.11925.98 stable
MinimumVisualStudioVersion = 10.0.40219.1
Project("{2150E333-8FDC-42A3-9474-1A3956D46DE8}") = "src", "src", "{827E0CD3-B72D-47B6-A68D-7590B98EB39B}"
EndProject
Project("{FAE04EC0-301F-11D3-BF4B-00C04F79EFBC}") = "TerraformingMars.Core", "src\TerraformingMars.Core\TerraformingMars.Core.csproj", "{42556B78-1B35-46F4-93BC-30732CB5FCC9}"
EndProject
Project("{FAE04EC0-301F-11D3-BF4B-00C04F79EFBC}") = "TerraformingMars.Core.Tests", "tests\TerraformingMars.Core.Tests\TerraformingMars.Core.Tests.csproj", "{B14344E5-5151-4B53-A1BB-F5F818FDF525}"
EndProject
Project("{FAE04EC0-301F-11D3-BF4B-00C04F79EFBC}") = "TerraformingMars.Game", "src\TerraformingMars.Game\TerraformingMars.Game.csproj", "{60C365BF-E3BF-452E-8769-F61F4CEFB389}"
EndProject
Project("{2150E333-8FDC-42A3-9474-1A3956D46DE8}") = "docs", "docs", "{B59DAE68-7D22-4145-B001-53C473D23E49}"
	ProjectSection(SolutionItems) = preProject
		GAMEPLAY.md = GAMEPLAY.md
		Phase2.md = Phase2.md
		TerraformingMars_Spec.md = TerraformingMars_Spec.md
	EndProjectSection
EndProject
Global
	GlobalSection(SolutionConfigurationPlatforms) = preSolution
		Debug|Any CPU = Debug|Any CPU
		Debug|x64 = Debug|x64
		Debug|x86 = Debug|x86
		Release|Any CPU = Release|Any CPU
		Release|x64 = Release|x64
		Release|x86 = Release|x86
	EndGlobalSection
	GlobalSection(ProjectConfigurationPlatforms) = postSolution
		{42556B78-1B35-46F4-93BC-30732CB5FCC9}.Debug|Any CPU.ActiveCfg = Debug|Any CPU
		{42556B78-1B35-46F4-93BC-30732CB5FCC9}.Debug|Any CPU.Build.0 = Debug|Any CPU
		{42556B78-1B35-46F4-93BC-30732CB5FCC9}.Debug|x64.ActiveCfg = Debug|Any CPU
		{42556B78-1B35-46F4-93BC-30732CB5FCC9}.Debug|x64.Build.0 = Debug|Any CPU
		{42556B78-1B35-46F4-93BC-30732CB5FCC9}.Debug|x86.ActiveCfg = Debug|Any CPU
		{42556B78-1B35-46F4-93BC-30732CB5FCC9}.Debug|x86.Build.0 = Debug|Any CPU
		{42556B78-1B35-46F4-93BC-30732CB5FCC9}.Release|Any CPU.ActiveCfg = Release|Any CPU
		{42556B78-1B35-46F4-93BC-30732CB5FCC9}.Release|Any CPU.Build.0 = Release|Any CPU
		{42556B78-1B35-46F4-93BC-30732CB5FCC9}.Release|x64.ActiveCfg = Release|Any CPU
		{42556B78-1B35-46F4-93BC-30732CB5FCC9}.Release|x64.Build.0 = Release|Any CPU
		{42556B78-1B35-46F4-93BC-30732CB5FCC9}.Release|x86.ActiveCfg = Release|Any CPU
		{42556B78-1B35-46F4-93BC-30732CB5FCC9}.Release|x86.Build.0 = Release|Any CPU
		{B14344E5-5151-4B53-A1BB-F5F818FDF525}.Debug|Any CPU.ActiveCfg = Debug|Any CPU
		{B14344E5-5151-4B53-A1BB-F5F818FDF525}.Debug|Any CPU.Build.0 = Debug|Any CPU
		{B14344E5-5151-4B53-A1BB-F5F818FDF525}.Debug|x64.ActiveCfg = Debug|Any CPU
		{B14344E5-5151-4B53-A1BB-F5F818FDF525}.Debug|x64.Build.0 = Debug|Any CPU
		{B14344E5-5151-4B53-A1BB-F5F818FDF525}.Debug|x86.ActiveCfg = Debug|Any CPU
		{B14344E5-5151-4B53-A1BB-F5F818FDF525}.Debug|x86.Build.0 = Debug|Any CPU
		{B14344E5-5151-4B53-A1BB-F5F818FDF525}.Release|Any CPU.ActiveCfg = Release|Any CPU
		{B14344E5-5151-4B53-A1BB-F5F818FDF525}.Release|Any CPU.Build.0 = Release|Any CPU
		{B14344E5-5151-4B53-A1BB-F5F818FDF525}.Release|x64.ActiveCfg = Release|Any CPU
		{B14344E5-5151-4B53-A1BB-F5F818FDF525}.Release|x64.Build.0 = Release|Any CPU
		{B14344E5-5151-4B53-A1BB-F5F818FDF525}.Release|x86.ActiveCfg = Release|Any CPU
		{B14344E5-5151-4B53-A1BB-F5F818FDF525}.Release|x86.Build.0 = Release|Any CPU
		{60C365BF-E3BF-452E-8769-F61F4CEFB389}.Debug|Any CPU.ActiveCfg = Debug|Any CPU
		{60C365BF-E3BF-452E-8769-F61F4CEFB389}.Debug|Any CPU.Build.0 = Debug|Any CPU
		{60C365BF-E3BF-452E-8769-F61F4CEFB389}.Debug|x64.ActiveCfg = Debug|Any CPU
		{60C365BF-E3BF-452E-8769-F61F4CEFB389}.Debug|x64.Build.0 = Debug|Any CPU
		{60C365BF-E3BF-452E-8769-F61F4CEFB389}.Debug|x86.ActiveCfg = Debug|Any CPU
		{60C365BF-E3BF-452E-8769-F61F4CEFB389}.Debug|x86.Build.0 = Debug|Any CPU
		{60C365BF-E3BF-452E-8769-F61F4CEFB389}.Release|Any CPU.ActiveCfg = Release|Any CPU
		{60C365BF-E3BF-452E-8769-F61F4CEFB389}.Release|Any CPU.Build.0 = Release|Any CPU
		{60C365BF-E3BF-452E-8769-F61F4CEFB389}.Release|x64.ActiveCfg = Release|Any CPU
		{60C365BF-E3BF-452E-8769-F61F4CEFB389}.Release|x64.Build.0 = Release|Any CPU
		{60C365BF-E3BF-452E-8769-F61F4CEFB389}.Release|x86.ActiveCfg = Release|Any CPU
		{60C365BF-E3BF-452E-8769-F61F4CEFB389}.Release|x86.Build.0 = Release|Any CPU
	EndGlobalSection
	GlobalSection(SolutionProperties) = preSolution
		HideSolutionNode = FALSE
	EndGlobalSection
	GlobalSection(NestedProjects) = preSolution
		{42556B78-1B35-46F4-93BC-30732CB5FCC9} = {827E0CD3-B72D-47B6-A68D-7590B98EB39B}
		{B14344E5-5151-4B53-A1BB-F5F818FDF525} = {827E0CD3-B72D-47B6-A68D-7590B98EB39B}
		{60C365BF-E3BF-452E-8769-F61F4CEFB389} = {827E0CD3-B72D-47B6-A68D-7590B98EB39B}
	EndGlobalSection
	GlobalSection(ExtensibilityGlobals) = postSolution
		SolutionGuid = {922480E5-DA29-4EDF-AD78-8AB7E9A584CA}
	EndGlobalSection
EndGlobal
